
Microsoft Visual Studio Solution File, Format Version 12.00
# Visual Studio Version 17
VisualStudioVersion = 17.14.36408.4 d17.14
MinimumVisualStudioVersion = 10.0.40219.1
Project("{FAE04EC0-301F-11D3-BF4B-00C04F79EFBC}") = "Imenyaan", "Imenyaan.csproj", "{C5B50183-F819-4A85-A5A0-E303967F60EF}"
EndProject
Global
	GlobalSection(SolutionConfigurationPlatforms) = preSolution
		Debug|Any CPU = Debug|Any CPU
		Release|Any CPU = Release|Any CPU
	EndGlobalSection
	GlobalSection(ProjectConfigurationPlatforms) = postSolution
		{C5B50183-F819-4A85-A5A0-E303967F60EF}.Debug|Any CPU.ActiveCfg = Debug|Any CPU
		{C5B50183-F819-4A85-A5A0-E303967F60EF}.Debug|Any CPU.Build.0 = Debug|Any CPU
		{C5B50183-F819-4A85-A5A0-E303967F60EF}.Release|Any CPU.ActiveCfg = Release|Any CPU
		{C5B50183-F819-4A85-A5A0-E303967F60EF}.Release|Any CPU.Build.0 = Release|Any CPU
	EndGlobalSection
	GlobalSection(SolutionProperties) = preSolution
		HideSolutionNode = FALSE
	EndGlobalSection
	GlobalSection(ExtensibilityGlobals) = postSolution
		SolutionGuid = {38BDE7ED-9B86-4B18-8D37-1AFC866F2FB0}
	EndGlobalSection
EndGlobal
